
Microsoft Visual Studio Solution File, Format Version 12.00
# Visual Studio 15
VisualStudioVersion = 15.0.28307.902
MinimumVisualStudioVersion = 10.0.40219.1
Project("{FAE04EC0-301F-11D3-BF4B-00C04F79EFBC}") = "UnityLive2DExtractor", "UnityLive2DExtractor\UnityLive2DExtractor.csproj", "{7D685E37-19C6-4DD8-8E61-8C8600D0455F}"
EndProject
Global
	GlobalSection(SolutionConfigurationPlatforms) = preSolution
		Debug|Any CPU = Debug|Any CPU
		Release|Any CPU = Release|Any CPU
	EndGlobalSection
	GlobalSection(ProjectConfigurationPlatforms) = postSolution
		{7D685E37-19C6-4DD8-8E61-8C8600D0455F}.Debug|Any CPU.ActiveCfg = Debug|Any CPU
		{7D685E37-19C6-4DD8-8E61-8C8600D0455F}.Debug|Any CPU.Build.0 = Debug|Any CPU
		{7D685E37-19C6-4DD8-8E61-8C8600D0455F}.Release|Any CPU.ActiveCfg = Release|Any CPU
		{7D685E37-19C6-4DD8-8E61-8C8600D0455F}.Release|Any CPU.Build.0 = Release|Any CPU
	EndGlobalSection
	GlobalSection(SolutionProperties) = preSolution
		HideSolutionNode = FALSE
	EndGlobalSection
	GlobalSection(ExtensibilityGlobals) = postSolution
		SolutionGuid = {8A4C98BE-41B7-46C0-ADCB-260398F087E6}
	EndGlobalSection
EndGlobal
