
Microsoft Visual Studio Solution File, Format Version 12.00
# Visual Studio Version 16
VisualStudioVersion = 16.0.30330.147
MinimumVisualStudioVersion = 10.0.40219.1
Project("{FAE04EC0-301F-11D3-BF4B-00C04F79EFBC}") = "UnityLive2DExtractor", "UnityLive2DExtractor\UnityLive2DExtractor.csproj", "{7D22D721-C1B4-424A-A2B9-8978FB1E53A3}"
EndProject
Global
	GlobalSection(SolutionConfigurationPlatforms) = preSolution
		Debug|Any CPU = Debug|Any CPU
		Release|Any CPU = Release|Any CPU
	EndGlobalSection
	GlobalSection(ProjectConfigurationPlatforms) = postSolution
		{7D22D721-C1B4-424A-A2B9-8978FB1E53A3}.Debug|Any CPU.ActiveCfg = Debug|Any CPU
		{7D22D721-C1B4-424A-A2B9-8978FB1E53A3}.Debug|Any CPU.Build.0 = Debug|Any CPU
		{7D22D721-C1B4-424A-A2B9-8978FB1E53A3}.Release|Any CPU.ActiveCfg = Release|Any CPU
		{7D22D721-C1B4-424A-A2B9-8978FB1E53A3}.Release|Any CPU.Build.0 = Release|Any CPU
	EndGlobalSection
	GlobalSection(SolutionProperties) = preSolution
		HideSolutionNode = FALSE
	EndGlobalSection
	GlobalSection(ExtensibilityGlobals) = postSolution
		SolutionGuid = {DC977E1A-31BE-4595-8AAC-A331B03D8E71}
	EndGlobalSection
EndGlobal
